// !$*UTF8*$!
{
	archiveVersion = 1;
	classes = {
	};
	objectVersion = 48;
	objects = {

/* Begin PBXBuildFile section */
		51ED7D667AB2F44EA7410053 /* Pods_VoiceAssistant_iOSUITests.framework in Frameworks */ = {isa = PBXBuildFile; fileRef = 2BAFB7D14730BDB9DE85DE53 /* Pods_VoiceAssistant_iOSUITests.framework */; };
		946BA9BB2015421600979AA4 /* Localizable.strings in Resources */ = {isa = PBXBuildFile; fileRef = 946BA9BD2015421600979AA4 /* Localizable.strings */; };
		94B7237C200FABA100159CB7 /* iPhone.storyboard in Resources */ = {isa = PBXBuildFile; fileRef = 94B7237E200FABA100159CB7 /* iPhone.storyboard */; };
		A60A030460D750A3FEE22B91 /* Pods_VoiceAssistant_iOS.framework in Frameworks */ = {isa = PBXBuildFile; fileRef = 172B3FD45787A734C5169E36 /* Pods_VoiceAssistant_iOS.framework */; };
		E1163ED31FDEC1960072DF48 /* AVFoundation.framework in Frameworks */ = {isa = PBXBuildFile; fileRef = E1163ED21FDEC1960072DF48 /* AVFoundation.framework */; };
		E177BE571FB9E52F0016E81E /* AppDelegate.swift in Sources */ = {isa = PBXBuildFile; fileRef = E177BE561FB9E52F0016E81E /* AppDelegate.swift */; };
		E177BE591FB9E52F0016E81E /* ViewController.swift in Sources */ = {isa = PBXBuildFile; fileRef = E177BE581FB9E52F0016E81E /* ViewController.swift */; };
		E177BE5C1FB9E52F0016E81E /* iPad.storyboard in Resources */ = {isa = PBXBuildFile; fileRef = E177BE5A1FB9E52F0016E81E /* iPad.storyboard */; };
		E177BE5E1FB9E52F0016E81E /* Assets.xcassets in Resources */ = {isa = PBXBuildFile; fileRef = E177BE5D1FB9E52F0016E81E /* Assets.xcassets */; };
		E177BE611FB9E52F0016E81E /* LaunchScreen.storyboard in Resources */ = {isa = PBXBuildFile; fileRef = E177BE5F1FB9E52F0016E81E /* LaunchScreen.storyboard */; };
		E177BE6C1FB9E52F0016E81E /* VoiceAssistant_iOSTests.swift in Sources */ = {isa = PBXBuildFile; fileRef = E177BE6B1FB9E52F0016E81E /* VoiceAssistant_iOSTests.swift */; };
		E177BE771FB9E52F0016E81E /* VoiceAssistant_iOSUITests.swift in Sources */ = {isa = PBXBuildFile; fileRef = E177BE761FB9E52F0016E81E /* VoiceAssistant_iOSUITests.swift */; };
		F49B52DCE6F89D8D558E8C9C /* Pods_VoiceAssistant_iOSTests.framework in Frameworks */ = {isa = PBXBuildFile; fileRef = ABA1973BE486294A48C2E84E /* Pods_VoiceAssistant_iOSTests.framework */; };
/* End PBXBuildFile section */

/* Begin PBXContainerItemProxy section */
		E177BE681FB9E52F0016E81E /* PBXContainerItemProxy */ = {
			isa = PBXContainerItemProxy;
			containerPortal = E177BE4B1FB9E52E0016E81E /* Project object */;
			proxyType = 1;
			remoteGlobalIDString = E177BE521FB9E52E0016E81E;
			remoteInfo = "VoiceAssistant-iOS";
		};
		E177BE731FB9E52F0016E81E /* PBXContainerItemProxy */ = {
			isa = PBXContainerItemProxy;
			containerPortal = E177BE4B1FB9E52E0016E81E /* Project object */;
			proxyType = 1;
			remoteGlobalIDString = E177BE521FB9E52E0016E81E;
			remoteInfo = "VoiceAssistant-iOS";
		};
/* End PBXContainerItemProxy section */

/* Begin PBXFileReference section */
		0B1B60D92DAA9A3084CF7ED8 /* Pods-VoiceAssistant-iOS.debug.xcconfig */ = {isa = PBXFileReference; includeInIndex = 1; lastKnownFileType = text.xcconfig; name = "Pods-VoiceAssistant-iOS.debug.xcconfig"; path = "Pods/Target Support Files/Pods-VoiceAssistant-iOS/Pods-VoiceAssistant-iOS.debug.xcconfig"; sourceTree = "<group>"; };
		172B3FD45787A734C5169E36 /* Pods_VoiceAssistant_iOS.framework */ = {isa = PBXFileReference; explicitFileType = wrapper.framework; includeInIndex = 0; path = Pods_VoiceAssistant_iOS.framework; sourceTree = BUILT_PRODUCTS_DIR; };
		1C302F9EF5BE2587CA4315A6 /* Pods-VoiceAssistant-iOSTests.release.xcconfig */ = {isa = PBXFileReference; includeInIndex = 1; lastKnownFileType = text.xcconfig; name = "Pods-VoiceAssistant-iOSTests.release.xcconfig"; path = "Pods/Target Support Files/Pods-VoiceAssistant-iOSTests/Pods-VoiceAssistant-iOSTests.release.xcconfig"; sourceTree = "<group>"; };
		27AE00B0F03FCCF68059EC74 /* Pods-VoiceAssistant-iOSUITests.release.xcconfig */ = {isa = PBXFileReference; includeInIndex = 1; lastKnownFileType = text.xcconfig; name = "Pods-VoiceAssistant-iOSUITests.release.xcconfig"; path = "Pods/Target Support Files/Pods-VoiceAssistant-iOSUITests/Pods-VoiceAssistant-iOSUITests.release.xcconfig"; sourceTree = "<group>"; };
		2BAFB7D14730BDB9DE85DE53 /* Pods_VoiceAssistant_iOSUITests.framework */ = {isa = PBXFileReference; explicitFileType = wrapper.framework; includeInIndex = 0; path = Pods_VoiceAssistant_iOSUITests.framework; sourceTree = BUILT_PRODUCTS_DIR; };
		5A4FF2213396CA77F2966C08 /* Pods-VoiceAssistant-iOSTests.debug.xcconfig */ = {isa = PBXFileReference; includeInIndex = 1; lastKnownFileType = text.xcconfig; name = "Pods-VoiceAssistant-iOSTests.debug.xcconfig"; path = "Pods/Target Support Files/Pods-VoiceAssistant-iOSTests/Pods-VoiceAssistant-iOSTests.debug.xcconfig"; sourceTree = "<group>"; };
		6E12E32110F5746E3861ED53 /* Pods-VoiceAssistant-iOS.release.xcconfig */ = {isa = PBXFileReference; includeInIndex = 1; lastKnownFileType = text.xcconfig; name = "Pods-VoiceAssistant-iOS.release.xcconfig"; path = "Pods/Target Support Files/Pods-VoiceAssistant-iOS/Pods-VoiceAssistant-iOS.release.xcconfig"; sourceTree = "<group>"; };
		946BA9B620153FD300979AA4 /* de */ = {isa = PBXFileReference; lastKnownFileType = file.storyboard; name = de; path = de.lproj/iPad.storyboard; sourceTree = "<group>"; };
		946BA9B720153FD300979AA4 /* de */ = {isa = PBXFileReference; lastKnownFileType = file.storyboard; name = de; path = de.lproj/iPhone.storyboard; sourceTree = "<group>"; };
		946BA9B820153FD300979AA4 /* de */ = {isa = PBXFileReference; lastKnownFileType = file.storyboard; name = de; path = de.lproj/LaunchScreen.storyboard; sourceTree = "<group>"; };
		946BA9BC2015421600979AA4 /* en */ = {isa = PBXFileReference; lastKnownFileType = text.plist.strings; name = en; path = en.lproj/Localizable.strings; sourceTree = "<group>"; };
		946BA9BE2015421900979AA4 /* de */ = {isa = PBXFileReference; lastKnownFileType = text.plist.strings; name = de; path = de.lproj/Localizable.strings; sourceTree = "<group>"; };
		94B7237D200FABA100159CB7 /* Base */ = {isa = PBXFileReference; lastKnownFileType = file.storyboard; name = Base; path = Base.lproj/iPhone.storyboard; sourceTree = "<group>"; };
		9760AACD2F835F981D147D09 /* Pods-VoiceAssistant-iOSUITests.debug.xcconfig */ = {isa = PBXFileReference; includeInIndex = 1; lastKnownFileType = text.xcconfig; name = "Pods-VoiceAssistant-iOSUITests.debug.xcconfig"; path = "Pods/Target Support Files/Pods-VoiceAssistant-iOSUITests/Pods-VoiceAssistant-iOSUITests.debug.xcconfig"; sourceTree = "<group>"; };
		ABA1973BE486294A48C2E84E /* Pods_VoiceAssistant_iOSTests.framework */ = {isa = PBXFileReference; explicitFileType = wrapper.framework; includeInIndex = 0; path = Pods_VoiceAssistant_iOSTests.framework; sourceTree = BUILT_PRODUCTS_DIR; };
		E1163ED01FDEC0EA0072DF48 /* AVKit.framework */ = {isa = PBXFileReference; lastKnownFileType = wrapper.framework; name = AVKit.framework; path = System/Library/Frameworks/AVKit.framework; sourceTree = SDKROOT; };
		E1163ED21FDEC1960072DF48 /* AVFoundation.framework */ = {isa = PBXFileReference; lastKnownFileType = wrapper.framework; name = AVFoundation.framework; path = System/Library/Frameworks/AVFoundation.framework; sourceTree = SDKROOT; };
		E177BE531FB9E52F0016E81E /* VoiceAssistant-iOS.app */ = {isa = PBXFileReference; explicitFileType = wrapper.application; includeInIndex = 0; path = "VoiceAssistant-iOS.app"; sourceTree = BUILT_PRODUCTS_DIR; };
		E177BE561FB9E52F0016E81E /* AppDelegate.swift */ = {isa = PBXFileReference; lastKnownFileType = sourcecode.swift; path = AppDelegate.swift; sourceTree = "<group>"; };
		E177BE581FB9E52F0016E81E /* ViewController.swift */ = {isa = PBXFileReference; lastKnownFileType = sourcecode.swift; path = ViewController.swift; sourceTree = "<group>"; };
		E177BE5B1FB9E52F0016E81E /* Base */ = {isa = PBXFileReference; lastKnownFileType = file.storyboard; name = Base; path = Base.lproj/iPad.storyboard; sourceTree = "<group>"; };
		E177BE5D1FB9E52F0016E81E /* Assets.xcassets */ = {isa = PBXFileReference; lastKnownFileType = folder.assetcatalog; path = Assets.xcassets; sourceTree = "<group>"; };
		E177BE601FB9E52F0016E81E /* Base */ = {isa = PBXFileReference; lastKnownFileType = file.storyboard; name = Base; path = Base.lproj/LaunchScreen.storyboard; sourceTree = "<group>"; };
		E177BE621FB9E52F0016E81E /* Info.plist */ = {isa = PBXFileReference; lastKnownFileType = text.plist.xml; path = Info.plist; sourceTree = "<group>"; };
		E177BE671FB9E52F0016E81E /* VoiceAssistant-iOSTests.xctest */ = {isa = PBXFileReference; explicitFileType = wrapper.cfbundle; includeInIndex = 0; path = "VoiceAssistant-iOSTests.xctest"; sourceTree = BUILT_PRODUCTS_DIR; };
		E177BE6B1FB9E52F0016E81E /* VoiceAssistant_iOSTests.swift */ = {isa = PBXFileReference; lastKnownFileType = sourcecode.swift; path = VoiceAssistant_iOSTests.swift; sourceTree = "<group>"; };
		E177BE6D1FB9E52F0016E81E /* Info.plist */ = {isa = PBXFileReference; lastKnownFileType = text.plist.xml; path = Info.plist; sourceTree = "<group>"; };
		E177BE721FB9E52F0016E81E /* VoiceAssistant-iOSUITests.xctest */ = {isa = PBXFileReference; explicitFileType = wrapper.cfbundle; includeInIndex = 0; path = "VoiceAssistant-iOSUITests.xctest"; sourceTree = BUILT_PRODUCTS_DIR; };
		E177BE761FB9E52F0016E81E /* VoiceAssistant_iOSUITests.swift */ = {isa = PBXFileReference; lastKnownFileType = sourcecode.swift; path = VoiceAssistant_iOSUITests.swift; sourceTree = "<group>"; };
		E177BE781FB9E52F0016E81E /* Info.plist */ = {isa = PBXFileReference; lastKnownFileType = text.plist.xml; path = Info.plist; sourceTree = "<group>"; };
/* End PBXFileReference section */

/* Begin PBXFrameworksBuildPhase section */
		E177BE501FB9E52E0016E81E /* Frameworks */ = {
			isa = PBXFrameworksBuildPhase;
			buildActionMask = 2147483647;
			files = (
				E1163ED31FDEC1960072DF48 /* AVFoundation.framework in Frameworks */,
				A60A030460D750A3FEE22B91 /* Pods_VoiceAssistant_iOS.framework in Frameworks */,
			);
			runOnlyForDeploymentPostprocessing = 0;
		};
		E177BE641FB9E52F0016E81E /* Frameworks */ = {
			isa = PBXFrameworksBuildPhase;
			buildActionMask = 2147483647;
			files = (
				F49B52DCE6F89D8D558E8C9C /* Pods_VoiceAssistant_iOSTests.framework in Frameworks */,
			);
			runOnlyForDeploymentPostprocessing = 0;
		};
		E177BE6F1FB9E52F0016E81E /* Frameworks */ = {
			isa = PBXFrameworksBuildPhase;
			buildActionMask = 2147483647;
			files = (
				51ED7D667AB2F44EA7410053 /* Pods_VoiceAssistant_iOSUITests.framework in Frameworks */,
			);
			runOnlyForDeploymentPostprocessing = 0;
		};
/* End PBXFrameworksBuildPhase section */

/* Begin PBXGroup section */
		1C8A38DCD3B29CA4032F5352 /* Pods */ = {
			isa = PBXGroup;
			children = (
				0B1B60D92DAA9A3084CF7ED8 /* Pods-VoiceAssistant-iOS.debug.xcconfig */,
				6E12E32110F5746E3861ED53 /* Pods-VoiceAssistant-iOS.release.xcconfig */,
				5A4FF2213396CA77F2966C08 /* Pods-VoiceAssistant-iOSTests.debug.xcconfig */,
				1C302F9EF5BE2587CA4315A6 /* Pods-VoiceAssistant-iOSTests.release.xcconfig */,
				9760AACD2F835F981D147D09 /* Pods-VoiceAssistant-iOSUITests.debug.xcconfig */,
				27AE00B0F03FCCF68059EC74 /* Pods-VoiceAssistant-iOSUITests.release.xcconfig */,
			);
			name = Pods;
			sourceTree = "<group>";
		};
		E1163ECF1FDEC0EA0072DF48 /* Frameworks */ = {
			isa = PBXGroup;
			children = (
				E1163ED21FDEC1960072DF48 /* AVFoundation.framework */,
				E1163ED01FDEC0EA0072DF48 /* AVKit.framework */,
				172B3FD45787A734C5169E36 /* Pods_VoiceAssistant_iOS.framework */,
				ABA1973BE486294A48C2E84E /* Pods_VoiceAssistant_iOSTests.framework */,
				2BAFB7D14730BDB9DE85DE53 /* Pods_VoiceAssistant_iOSUITests.framework */,
			);
			name = Frameworks;
			sourceTree = "<group>";
		};
		E177BE4A1FB9E52E0016E81E = {
			isa = PBXGroup;
			children = (
				E177BE551FB9E52F0016E81E /* VoiceAssistant-iOS */,
				E177BE6A1FB9E52F0016E81E /* VoiceAssistant-iOSTests */,
				E177BE751FB9E52F0016E81E /* VoiceAssistant-iOSUITests */,
				E177BE541FB9E52F0016E81E /* Products */,
				E1163ECF1FDEC0EA0072DF48 /* Frameworks */,
				1C8A38DCD3B29CA4032F5352 /* Pods */,
			);
			sourceTree = "<group>";
		};
		E177BE541FB9E52F0016E81E /* Products */ = {
			isa = PBXGroup;
			children = (
				E177BE531FB9E52F0016E81E /* VoiceAssistant-iOS.app */,
				E177BE671FB9E52F0016E81E /* VoiceAssistant-iOSTests.xctest */,
				E177BE721FB9E52F0016E81E /* VoiceAssistant-iOSUITests.xctest */,
			);
			name = Products;
			sourceTree = "<group>";
		};
		E177BE551FB9E52F0016E81E /* VoiceAssistant-iOS */ = {
			isa = PBXGroup;
			children = (
				E177BE561FB9E52F0016E81E /* AppDelegate.swift */,
				E177BE581FB9E52F0016E81E /* ViewController.swift */,
				946BA9BD2015421600979AA4 /* Localizable.strings */,
				E177BE5A1FB9E52F0016E81E /* iPad.storyboard */,
				94B7237E200FABA100159CB7 /* iPhone.storyboard */,
				E177BE5D1FB9E52F0016E81E /* Assets.xcassets */,
				E177BE5F1FB9E52F0016E81E /* LaunchScreen.storyboard */,
				E177BE621FB9E52F0016E81E /* Info.plist */,
			);
			path = "VoiceAssistant-iOS";
			sourceTree = "<group>";
		};
		E177BE6A1FB9E52F0016E81E /* VoiceAssistant-iOSTests */ = {
			isa = PBXGroup;
			children = (
				E177BE6B1FB9E52F0016E81E /* VoiceAssistant_iOSTests.swift */,
				E177BE6D1FB9E52F0016E81E /* Info.plist */,
			);
			path = "VoiceAssistant-iOSTests";
			sourceTree = "<group>";
		};
		E177BE751FB9E52F0016E81E /* VoiceAssistant-iOSUITests */ = {
			isa = PBXGroup;
			children = (
				E177BE761FB9E52F0016E81E /* VoiceAssistant_iOSUITests.swift */,
				E177BE781FB9E52F0016E81E /* Info.plist */,
			);
			path = "VoiceAssistant-iOSUITests";
			sourceTree = "<group>";
		};
/* End PBXGroup section */

/* Begin PBXNativeTarget section */
		E177BE521FB9E52E0016E81E /* VoiceAssistant-iOS */ = {
			isa = PBXNativeTarget;
			buildConfigurationList = E177BE7B1FB9E52F0016E81E /* Build configuration list for PBXNativeTarget "VoiceAssistant-iOS" */;
			buildPhases = (
				CA4BA3DC90C310E5F379335E /* [CP] Check Pods Manifest.lock */,
				E177BE4F1FB9E52E0016E81E /* Sources */,
				E177BE501FB9E52E0016E81E /* Frameworks */,
				E177BE511FB9E52E0016E81E /* Resources */,
				55F0516C03BFA4BF2BF3CBD5 /* [CP] Embed Pods Frameworks */,
				FD8285D308E534626A77BBAA /* [CP] Copy Pods Resources */,
			);
			buildRules = (
			);
			dependencies = (
			);
			name = "VoiceAssistant-iOS";
			productName = "VoiceAssistant-iOS";
			productReference = E177BE531FB9E52F0016E81E /* VoiceAssistant-iOS.app */;
			productType = "com.apple.product-type.application";
		};
		E177BE661FB9E52F0016E81E /* VoiceAssistant-iOSTests */ = {
			isa = PBXNativeTarget;
			buildConfigurationList = E177BE7E1FB9E52F0016E81E /* Build configuration list for PBXNativeTarget "VoiceAssistant-iOSTests" */;
			buildPhases = (
				D202856B5ED06568FD298487 /* [CP] Check Pods Manifest.lock */,
				E177BE631FB9E52F0016E81E /* Sources */,
				E177BE641FB9E52F0016E81E /* Frameworks */,
				E177BE651FB9E52F0016E81E /* Resources */,
				29A05449AA069B6C733FC615 /* [CP] Embed Pods Frameworks */,
				B23693BB5C7E0ACAE216D7EB /* [CP] Copy Pods Resources */,
			);
			buildRules = (
			);
			dependencies = (
				E177BE691FB9E52F0016E81E /* PBXTargetDependency */,
			);
			name = "VoiceAssistant-iOSTests";
			productName = "VoiceAssistant-iOSTests";
			productReference = E177BE671FB9E52F0016E81E /* VoiceAssistant-iOSTests.xctest */;
			productType = "com.apple.product-type.bundle.unit-test";
		};
		E177BE711FB9E52F0016E81E /* VoiceAssistant-iOSUITests */ = {
			isa = PBXNativeTarget;
			buildConfigurationList = E177BE811FB9E52F0016E81E /* Build configuration list for PBXNativeTarget "VoiceAssistant-iOSUITests" */;
			buildPhases = (
				577D5A0B5CFD8B8335A4F570 /* [CP] Check Pods Manifest.lock */,
				E177BE6E1FB9E52F0016E81E /* Sources */,
				E177BE6F1FB9E52F0016E81E /* Frameworks */,
				E177BE701FB9E52F0016E81E /* Resources */,
				2CC565961C38191D90EC14BB /* [CP] Embed Pods Frameworks */,
				ED8719E3E3B6DD94543A511F /* [CP] Copy Pods Resources */,
			);
			buildRules = (
			);
			dependencies = (
				E177BE741FB9E52F0016E81E /* PBXTargetDependency */,
			);
			name = "VoiceAssistant-iOSUITests";
			productName = "VoiceAssistant-iOSUITests";
			productReference = E177BE721FB9E52F0016E81E /* VoiceAssistant-iOSUITests.xctest */;
			productType = "com.apple.product-type.bundle.ui-testing";
		};
/* End PBXNativeTarget section */

/* Begin PBXProject section */
		E177BE4B1FB9E52E0016E81E /* Project object */ = {
			isa = PBXProject;
			attributes = {
				LastSwiftUpdateCheck = 0910;
				LastUpgradeCheck = 0910;
				ORGANIZATIONNAME = "Robert Horrion";
				TargetAttributes = {
					E177BE521FB9E52E0016E81E = {
						CreatedOnToolsVersion = 9.1;
						ProvisioningStyle = Automatic;
					};
					E177BE661FB9E52F0016E81E = {
						CreatedOnToolsVersion = 9.1;
						ProvisioningStyle = Automatic;
						TestTargetID = E177BE521FB9E52E0016E81E;
					};
					E177BE711FB9E52F0016E81E = {
						CreatedOnToolsVersion = 9.1;
						ProvisioningStyle = Automatic;
						TestTargetID = E177BE521FB9E52E0016E81E;
					};
				};
			};
			buildConfigurationList = E177BE4E1FB9E52E0016E81E /* Build configuration list for PBXProject "VoiceAssistant-iOS" */;
			compatibilityVersion = "Xcode 8.0";
			developmentRegion = en;
			hasScannedForEncodings = 0;
			knownRegions = (
				en,
				Base,
				de,
			);
			mainGroup = E177BE4A1FB9E52E0016E81E;
			productRefGroup = E177BE541FB9E52F0016E81E /* Products */;
			projectDirPath = "";
			projectRoot = "";
			targets = (
				E177BE521FB9E52E0016E81E /* VoiceAssistant-iOS */,
				E177BE661FB9E52F0016E81E /* VoiceAssistant-iOSTests */,
				E177BE711FB9E52F0016E81E /* VoiceAssistant-iOSUITests */,
			);
		};
/* End PBXProject section */

/* Begin PBXResourcesBuildPhase section */
		E177BE511FB9E52E0016E81E /* Resources */ = {
			isa = PBXResourcesBuildPhase;
			buildActionMask = 2147483647;
			files = (
				946BA9BB2015421600979AA4 /* Localizable.strings in Resources */,
				E177BE611FB9E52F0016E81E /* LaunchScreen.storyboard in Resources */,
				E177BE5E1FB9E52F0016E81E /* Assets.xcassets in Resources */,
				E177BE5C1FB9E52F0016E81E /* iPad.storyboard in Resources */,
				94B7237C200FABA100159CB7 /* iPhone.storyboard in Resources */,
			);
			runOnlyForDeploymentPostprocessing = 0;
		};
		E177BE651FB9E52F0016E81E /* Resources */ = {
			isa = PBXResourcesBuildPhase;
			buildActionMask = 2147483647;
			files = (
			);
			runOnlyForDeploymentPostprocessing = 0;
		};
		E177BE701FB9E52F0016E81E /* Resources */ = {
			isa = PBXResourcesBuildPhase;
			buildActionMask = 2147483647;
			files = (
			);
			runOnlyForDeploymentPostprocessing = 0;
		};
/* End PBXResourcesBuildPhase section */

/* Begin PBXShellScriptBuildPhase section */
		29A05449AA069B6C733FC615 /* [CP] Embed Pods Frameworks */ = {
			isa = PBXShellScriptBuildPhase;
			buildActionMask = 2147483647;
			files = (
			);
			inputPaths = (
			);
			name = "[CP] Embed Pods Frameworks";
			outputPaths = (
			);
			runOnlyForDeploymentPostprocessing = 0;
			shellPath = /bin/sh;
			shellScript = "\"${SRCROOT}/Pods/Target Support Files/Pods-VoiceAssistant-iOSTests/Pods-VoiceAssistant-iOSTests-frameworks.sh\"\n";
			showEnvVarsInLog = 0;
		};
		2CC565961C38191D90EC14BB /* [CP] Embed Pods Frameworks */ = {
			isa = PBXShellScriptBuildPhase;
			buildActionMask = 2147483647;
			files = (
			);
			inputPaths = (
			);
			name = "[CP] Embed Pods Frameworks";
			outputPaths = (
			);
			runOnlyForDeploymentPostprocessing = 0;
			shellPath = /bin/sh;
			shellScript = "\"${SRCROOT}/Pods/Target Support Files/Pods-VoiceAssistant-iOSUITests/Pods-VoiceAssistant-iOSUITests-frameworks.sh\"\n";
			showEnvVarsInLog = 0;
		};
		55F0516C03BFA4BF2BF3CBD5 /* [CP] Embed Pods Frameworks */ = {
			isa = PBXShellScriptBuildPhase;
			buildActionMask = 2147483647;
			files = (
			);
			inputPaths = (
				"${SRCROOT}/Pods/Target Support Files/Pods-VoiceAssistant-iOS/Pods-VoiceAssistant-iOS-frameworks.sh",
				"${BUILT_PRODUCTS_DIR}/Alamofire/Alamofire.framework",
			);
			name = "[CP] Embed Pods Frameworks";
			outputPaths = (
				"${TARGET_BUILD_DIR}/${FRAMEWORKS_FOLDER_PATH}/Alamofire.framework",
			);
			runOnlyForDeploymentPostprocessing = 0;
			shellPath = /bin/sh;
			shellScript = "\"${SRCROOT}/Pods/Target Support Files/Pods-VoiceAssistant-iOS/Pods-VoiceAssistant-iOS-frameworks.sh\"\n";
			showEnvVarsInLog = 0;
		};
		577D5A0B5CFD8B8335A4F570 /* [CP] Check Pods Manifest.lock */ = {
			isa = PBXShellScriptBuildPhase;
			buildActionMask = 2147483647;
			files = (
			);
			inputPaths = (
				"${PODS_PODFILE_DIR_PATH}/Podfile.lock",
				"${PODS_ROOT}/Manifest.lock",
			);
			name = "[CP] Check Pods Manifest.lock";
			outputPaths = (
				"$(DERIVED_FILE_DIR)/Pods-VoiceAssistant-iOSUITests-checkManifestLockResult.txt",
			);
			runOnlyForDeploymentPostprocessing = 0;
			shellPath = /bin/sh;
			shellScript = "diff \"${PODS_PODFILE_DIR_PATH}/Podfile.lock\" \"${PODS_ROOT}/Manifest.lock\" > /dev/null\nif [ $? != 0 ] ; then\n    # print error to STDERR\n    echo \"error: The sandbox is not in sync with the Podfile.lock. Run 'pod install' or update your CocoaPods installation.\" >&2\n    exit 1\nfi\n# This output is used by Xcode 'outputs' to avoid re-running this script phase.\necho \"SUCCESS\" > \"${SCRIPT_OUTPUT_FILE_0}\"\n";
			showEnvVarsInLog = 0;
		};
		B23693BB5C7E0ACAE216D7EB /* [CP] Copy Pods Resources */ = {
			isa = PBXShellScriptBuildPhase;
			buildActionMask = 2147483647;
			files = (
			);
			inputPaths = (
			);
			name = "[CP] Copy Pods Resources";
			outputPaths = (
			);
			runOnlyForDeploymentPostprocessing = 0;
			shellPath = /bin/sh;
			shellScript = "\"${SRCROOT}/Pods/Target Support Files/Pods-VoiceAssistant-iOSTests/Pods-VoiceAssistant-iOSTests-resources.sh\"\n";
			showEnvVarsInLog = 0;
		};
		CA4BA3DC90C310E5F379335E /* [CP] Check Pods Manifest.lock */ = {
			isa = PBXShellScriptBuildPhase;
			buildActionMask = 2147483647;
			files = (
			);
			inputPaths = (
				"${PODS_PODFILE_DIR_PATH}/Podfile.lock",
				"${PODS_ROOT}/Manifest.lock",
			);
			name = "[CP] Check Pods Manifest.lock";
			outputPaths = (
				"$(DERIVED_FILE_DIR)/Pods-VoiceAssistant-iOS-checkManifestLockResult.txt",
			);
			runOnlyForDeploymentPostprocessing = 0;
			shellPath = /bin/sh;
			shellScript = "diff \"${PODS_PODFILE_DIR_PATH}/Podfile.lock\" \"${PODS_ROOT}/Manifest.lock\" > /dev/null\nif [ $? != 0 ] ; then\n    # print error to STDERR\n    echo \"error: The sandbox is not in sync with the Podfile.lock. Run 'pod install' or update your CocoaPods installation.\" >&2\n    exit 1\nfi\n# This output is used by Xcode 'outputs' to avoid re-running this script phase.\necho \"SUCCESS\" > \"${SCRIPT_OUTPUT_FILE_0}\"\n";
			showEnvVarsInLog = 0;
		};
		D202856B5ED06568FD298487 /* [CP] Check Pods Manifest.lock */ = {
			isa = PBXShellScriptBuildPhase;
			buildActionMask = 2147483647;
			files = (
			);
			inputPaths = (
				"${PODS_PODFILE_DIR_PATH}/Podfile.lock",
				"${PODS_ROOT}/Manifest.lock",
			);
			name = "[CP] Check Pods Manifest.lock";
			outputPaths = (
				"$(DERIVED_FILE_DIR)/Pods-VoiceAssistant-iOSTests-checkManifestLockResult.txt",
			);
			runOnlyForDeploymentPostprocessing = 0;
			shellPath = /bin/sh;
			shellScript = "diff \"${PODS_PODFILE_DIR_PATH}/Podfile.lock\" \"${PODS_ROOT}/Manifest.lock\" > /dev/null\nif [ $? != 0 ] ; then\n    # print error to STDERR\n    echo \"error: The sandbox is not in sync with the Podfile.lock. Run 'pod install' or update your CocoaPods installation.\" >&2\n    exit 1\nfi\n# This output is used by Xcode 'outputs' to avoid re-running this script phase.\necho \"SUCCESS\" > \"${SCRIPT_OUTPUT_FILE_0}\"\n";
			showEnvVarsInLog = 0;
		};
		ED8719E3E3B6DD94543A511F /* [CP] Copy Pods Resources */ = {
			isa = PBXShellScriptBuildPhase;
			buildActionMask = 2147483647;
			files = (
			);
			inputPaths = (
			);
			name = "[CP] Copy Pods Resources";
			outputPaths = (
			);
			runOnlyForDeploymentPostprocessing = 0;
			shellPath = /bin/sh;
			shellScript = "\"${SRCROOT}/Pods/Target Support Files/Pods-VoiceAssistant-iOSUITests/Pods-VoiceAssistant-iOSUITests-resources.sh\"\n";
			showEnvVarsInLog = 0;
		};
		FD8285D308E534626A77BBAA /* [CP] Copy Pods Resources */ = {
			isa = PBXShellScriptBuildPhase;
			buildActionMask = 2147483647;
			files = (
			);
			inputPaths = (
			);
			name = "[CP] Copy Pods Resources";
			outputPaths = (
			);
			runOnlyForDeploymentPostprocessing = 0;
			shellPath = /bin/sh;
			shellScript = "\"${SRCROOT}/Pods/Target Support Files/Pods-VoiceAssistant-iOS/Pods-VoiceAssistant-iOS-resources.sh\"\n";
			showEnvVarsInLog = 0;
		};
/* End PBXShellScriptBuildPhase section */

/* Begin PBXSourcesBuildPhase section */
		E177BE4F1FB9E52E0016E81E /* Sources */ = {
			isa = PBXSourcesBuildPhase;
			buildActionMask = 2147483647;
			files = (
				E177BE591FB9E52F0016E81E /* ViewController.swift in Sources */,
				E177BE571FB9E52F0016E81E /* AppDelegate.swift in Sources */,
			);
			runOnlyForDeploymentPostprocessing = 0;
		};
		E177BE631FB9E52F0016E81E /* Sources */ = {
			isa = PBXSourcesBuildPhase;
			buildActionMask = 2147483647;
			files = (
				E177BE6C1FB9E52F0016E81E /* VoiceAssistant_iOSTests.swift in Sources */,
			);
			runOnlyForDeploymentPostprocessing = 0;
		};
		E177BE6E1FB9E52F0016E81E /* Sources */ = {
			isa = PBXSourcesBuildPhase;
			buildActionMask = 2147483647;
			files = (
				E177BE771FB9E52F0016E81E /* VoiceAssistant_iOSUITests.swift in Sources */,
			);
			runOnlyForDeploymentPostprocessing = 0;
		};
/* End PBXSourcesBuildPhase section */

/* Begin PBXTargetDependency section */
		E177BE691FB9E52F0016E81E /* PBXTargetDependency */ = {
			isa = PBXTargetDependency;
			target = E177BE521FB9E52E0016E81E /* VoiceAssistant-iOS */;
			targetProxy = E177BE681FB9E52F0016E81E /* PBXContainerItemProxy */;
		};
		E177BE741FB9E52F0016E81E /* PBXTargetDependency */ = {
			isa = PBXTargetDependency;
			target = E177BE521FB9E52E0016E81E /* VoiceAssistant-iOS */;
			targetProxy = E177BE731FB9E52F0016E81E /* PBXContainerItemProxy */;
		};
/* End PBXTargetDependency section */

/* Begin PBXVariantGroup section */
		946BA9BD2015421600979AA4 /* Localizable.strings */ = {
			isa = PBXVariantGroup;
			children = (
				946BA9BC2015421600979AA4 /* en */,
				946BA9BE2015421900979AA4 /* de */,
			);
			name = Localizable.strings;
			sourceTree = "<group>";
		};
		94B7237E200FABA100159CB7 /* iPhone.storyboard */ = {
			isa = PBXVariantGroup;
			children = (
				94B7237D200FABA100159CB7 /* Base */,
				946BA9B720153FD300979AA4 /* de */,
			);
			name = iPhone.storyboard;
			sourceTree = "<group>";
		};
		E177BE5A1FB9E52F0016E81E /* iPad.storyboard */ = {
			isa = PBXVariantGroup;
			children = (
				E177BE5B1FB9E52F0016E81E /* Base */,
				946BA9B620153FD300979AA4 /* de */,
			);
			name = iPad.storyboard;
			sourceTree = "<group>";
		};
		E177BE5F1FB9E52F0016E81E /* LaunchScreen.storyboard */ = {
			isa = PBXVariantGroup;
			children = (
				E177BE601FB9E52F0016E81E /* Base */,
				946BA9B820153FD300979AA4 /* de */,
			);
			name = LaunchScreen.storyboard;
			sourceTree = "<group>";
		};
/* End PBXVariantGroup section */

/* Begin XCBuildConfiguration section */
		E177BE791FB9E52F0016E81E /* Debug */ = {
			isa = XCBuildConfiguration;
			buildSettings = {
				ALWAYS_SEARCH_USER_PATHS = NO;
				CLANG_ANALYZER_LOCALIZABILITY_NONLOCALIZED = YES;
				CLANG_ANALYZER_NONNULL = YES;
				CLANG_ANALYZER_NUMBER_OBJECT_CONVERSION = YES_AGGRESSIVE;
				CLANG_CXX_LANGUAGE_STANDARD = "gnu++14";
				CLANG_CXX_LIBRARY = "libc++";
				CLANG_ENABLE_MODULES = YES;
				CLANG_ENABLE_OBJC_ARC = YES;
				CLANG_WARN_BLOCK_CAPTURE_AUTORELEASING = YES;
				CLANG_WARN_BOOL_CONVERSION = YES;
				CLANG_WARN_COMMA = YES;
				CLANG_WARN_CONSTANT_CONVERSION = YES;
				CLANG_WARN_DIRECT_OBJC_ISA_USAGE = YES_ERROR;
				CLANG_WARN_DOCUMENTATION_COMMENTS = YES;
				CLANG_WARN_EMPTY_BODY = YES;
				CLANG_WARN_ENUM_CONVERSION = YES;
				CLANG_WARN_INFINITE_RECURSION = YES;
				CLANG_WARN_INT_CONVERSION = YES;
				CLANG_WARN_NON_LITERAL_NULL_CONVERSION = YES;
				CLANG_WARN_OBJC_LITERAL_CONVERSION = YES;
				CLANG_WARN_OBJC_ROOT_CLASS = YES_ERROR;
				CLANG_WARN_RANGE_LOOP_ANALYSIS = YES;
				CLANG_WARN_STRICT_PROTOTYPES = YES;
				CLANG_WARN_SUSPICIOUS_MOVE = YES;
				CLANG_WARN_UNGUARDED_AVAILABILITY = YES_AGGRESSIVE;
				CLANG_WARN_UNREACHABLE_CODE = YES;
				CLANG_WARN__DUPLICATE_METHOD_MATCH = YES;
				CODE_SIGN_IDENTITY = "iPhone Developer";
				COPY_PHASE_STRIP = NO;
				DEBUG_INFORMATION_FORMAT = dwarf;
				ENABLE_STRICT_OBJC_MSGSEND = YES;
				ENABLE_TESTABILITY = YES;
				GCC_C_LANGUAGE_STANDARD = gnu11;
				GCC_DYNAMIC_NO_PIC = NO;
				GCC_NO_COMMON_BLOCKS = YES;
				GCC_OPTIMIZATION_LEVEL = 0;
				GCC_PREPROCESSOR_DEFINITIONS = (
					"DEBUG=1",
					"$(inherited)",
				);
				GCC_WARN_64_TO_32_BIT_CONVERSION = YES;
				GCC_WARN_ABOUT_RETURN_TYPE = YES_ERROR;
				GCC_WARN_UNDECLARED_SELECTOR = YES;
				GCC_WARN_UNINITIALIZED_AUTOS = YES_AGGRESSIVE;
				GCC_WARN_UNUSED_FUNCTION = YES;
				GCC_WARN_UNUSED_VARIABLE = YES;
				IPHONEOS_DEPLOYMENT_TARGET = 11.1;
				MTL_ENABLE_DEBUG_INFO = YES;
				ONLY_ACTIVE_ARCH = YES;
				SDKROOT = iphoneos;
				SWIFT_ACTIVE_COMPILATION_CONDITIONS = DEBUG;
				SWIFT_OPTIMIZATION_LEVEL = "-Onone";
			};
			name = Debug;
		};
		E177BE7A1FB9E52F0016E81E /* Release */ = {
			isa = XCBuildConfiguration;
			buildSettings = {
				ALWAYS_SEARCH_USER_PATHS = NO;
				CLANG_ANALYZER_LOCALIZABILITY_NONLOCALIZED = YES;
				CLANG_ANALYZER_NONNULL = YES;
				CLANG_ANALYZER_NUMBER_OBJECT_CONVERSION = YES_AGGRESSIVE;
				CLANG_CXX_LANGUAGE_STANDARD = "gnu++14";
				CLANG_CXX_LIBRARY = "libc++";
				CLANG_ENABLE_MODULES = YES;
				CLANG_ENABLE_OBJC_ARC = YES;
				CLANG_WARN_BLOCK_CAPTURE_AUTORELEASING = YES;
				CLANG_WARN_BOOL_CONVERSION = YES;
				CLANG_WARN_COMMA = YES;
				CLANG_WARN_CONSTANT_CONVERSION = YES;
				CLANG_WARN_DIRECT_OBJC_ISA_USAGE = YES_ERROR;
				CLANG_WARN_DOCUMENTATION_COMMENTS = YES;
				CLANG_WARN_EMPTY_BODY = YES;
				CLANG_WARN_ENUM_CONVERSION = YES;
				CLANG_WARN_INFINITE_RECURSION = YES;
				CLANG_WARN_INT_CONVERSION = YES;
				CLANG_WARN_NON_LITERAL_NULL_CONVERSION = YES;
				CLANG_WARN_OBJC_LITERAL_CONVERSION = YES;
				CLANG_WARN_OBJC_ROOT_CLASS = YES_ERROR;
				CLANG_WARN_RANGE_LOOP_ANALYSIS = YES;
				CLANG_WARN_STRICT_PROTOTYPES = YES;
				CLANG_WARN_SUSPICIOUS_MOVE = YES;
				CLANG_WARN_UNGUARDED_AVAILABILITY = YES_AGGRESSIVE;
				CLANG_WARN_UNREACHABLE_CODE = YES;
				CLANG_WARN__DUPLICATE_METHOD_MATCH = YES;
				CODE_SIGN_IDENTITY = "iPhone Developer";
				COPY_PHASE_STRIP = NO;
				DEBUG_INFORMATION_FORMAT = "dwarf-with-dsym";
				ENABLE_NS_ASSERTIONS = NO;
				ENABLE_STRICT_OBJC_MSGSEND = YES;
				GCC_C_LANGUAGE_STANDARD = gnu11;
				GCC_NO_COMMON_BLOCKS = YES;
				GCC_WARN_64_TO_32_BIT_CONVERSION = YES;
				GCC_WARN_ABOUT_RETURN_TYPE = YES_ERROR;
				GCC_WARN_UNDECLARED_SELECTOR = YES;
				GCC_WARN_UNINITIALIZED_AUTOS = YES_AGGRESSIVE;
				GCC_WARN_UNUSED_FUNCTION = YES;
				GCC_WARN_UNUSED_VARIABLE = YES;
				IPHONEOS_DEPLOYMENT_TARGET = 11.1;
				MTL_ENABLE_DEBUG_INFO = NO;
				SDKROOT = iphoneos;
				SWIFT_OPTIMIZATION_LEVEL = "-Owholemodule";
				VALIDATE_PRODUCT = YES;
			};
			name = Release;
		};
		E177BE7C1FB9E52F0016E81E /* Debug */ = {
			isa = XCBuildConfiguration;
			baseConfigurationReference = 0B1B60D92DAA9A3084CF7ED8 /* Pods-VoiceAssistant-iOS.debug.xcconfig */;
			buildSettings = {
				ASSETCATALOG_COMPILER_APPICON_NAME = AppIcon;
				CODE_SIGN_STYLE = Automatic;
				DEVELOPMENT_TEAM = "";
				INFOPLIST_FILE = "VoiceAssistant-iOS/Info.plist";
				IPHONEOS_DEPLOYMENT_TARGET = 11.0;
				LD_RUNPATH_SEARCH_PATHS = "$(inherited) @executable_path/Frameworks";
				PRODUCT_BUNDLE_IDENTIFIER = "com.horrionsoft.VoiceAssistant-iOS";
				PRODUCT_NAME = "$(TARGET_NAME)";
				SWIFT_VERSION = 4.0;
				TARGETED_DEVICE_FAMILY = "1,2";
			};
			name = Debug;
		};
		E177BE7D1FB9E52F0016E81E /* Release */ = {
			isa = XCBuildConfiguration;
			baseConfigurationReference = 6E12E32110F5746E3861ED53 /* Pods-VoiceAssistant-iOS.release.xcconfig */;
			buildSettings = {
				ASSETCATALOG_COMPILER_APPICON_NAME = AppIcon;
				CODE_SIGN_STYLE = Automatic;
				DEVELOPMENT_TEAM = "";
				INFOPLIST_FILE = "VoiceAssistant-iOS/Info.plist";
				IPHONEOS_DEPLOYMENT_TARGET = 11.0;
				LD_RUNPATH_SEARCH_PATHS = "$(inherited) @executable_path/Frameworks";
				PRODUCT_BUNDLE_IDENTIFIER = "com.horrionsoft.VoiceAssistant-iOS";
				PRODUCT_NAME = "$(TARGET_NAME)";
				SWIFT_VERSION = 4.0;
				TARGETED_DEVICE_FAMILY = "1,2";
			};
			name = Release;
		};
		E177BE7F1FB9E52F0016E81E /* Debug */ = {
			isa = XCBuildConfiguration;
			baseConfigurationReference = 5A4FF2213396CA77F2966C08 /* Pods-VoiceAssistant-iOSTests.debug.xcconfig */;
			buildSettings = {
				ALWAYS_EMBED_SWIFT_STANDARD_LIBRARIES = YES;
				BUNDLE_LOADER = "$(TEST_HOST)";
				CODE_SIGN_STYLE = Automatic;
				DEVELOPMENT_TEAM = Q2CS3FBVAU;
				INFOPLIST_FILE = "VoiceAssistant-iOSTests/Info.plist";
				LD_RUNPATH_SEARCH_PATHS = "$(inherited) @executable_path/Frameworks @loader_path/Frameworks";
				PRODUCT_BUNDLE_IDENTIFIER = "com.horrionsoft.VoiceAssistant-iOSTests";
				PRODUCT_NAME = "$(TARGET_NAME)";
				SWIFT_VERSION = 4.0;
				TARGETED_DEVICE_FAMILY = "1,2";
				TEST_HOST = "$(BUILT_PRODUCTS_DIR)/VoiceAssistant-iOS.app/VoiceAssistant-iOS";
			};
			name = Debug;
		};
		E177BE801FB9E52F0016E81E /* Release */ = {
			isa = XCBuildConfiguration;
			baseConfigurationReference = 1C302F9EF5BE2587CA4315A6 /* Pods-VoiceAssistant-iOSTests.release.xcconfig */;
			buildSettings = {
				ALWAYS_EMBED_SWIFT_STANDARD_LIBRARIES = YES;
				BUNDLE_LOADER = "$(TEST_HOST)";
				CODE_SIGN_STYLE = Automatic;
				DEVELOPMENT_TEAM = Q2CS3FBVAU;
				INFOPLIST_FILE = "VoiceAssistant-iOSTests/Info.plist";
				LD_RUNPATH_SEARCH_PATHS = "$(inherited) @executable_path/Frameworks @loader_path/Frameworks";
				PRODUCT_BUNDLE_IDENTIFIER = "com.horrionsoft.VoiceAssistant-iOSTests";
				PRODUCT_NAME = "$(TARGET_NAME)";
				SWIFT_VERSION = 4.0;
				TARGETED_DEVICE_FAMILY = "1,2";
				TEST_HOST = "$(BUILT_PRODUCTS_DIR)/VoiceAssistant-iOS.app/VoiceAssistant-iOS";
			};
			name = Release;
		};
		E177BE821FB9E52F0016E81E /* Debug */ = {
			isa = XCBuildConfiguration;
			baseConfigurationReference = 9760AACD2F835F981D147D09 /* Pods-VoiceAssistant-iOSUITests.debug.xcconfig */;
			buildSettings = {
				ALWAYS_EMBED_SWIFT_STANDARD_LIBRARIES = YES;
				CODE_SIGN_STYLE = Automatic;
				DEVELOPMENT_TEAM = Q2CS3FBVAU;
				INFOPLIST_FILE = "VoiceAssistant-iOSUITests/Info.plist";
				LD_RUNPATH_SEARCH_PATHS = "$(inherited) @executable_path/Frameworks @loader_path/Frameworks";
				PRODUCT_BUNDLE_IDENTIFIER = "com.horrionsoft.VoiceAssistant-iOSUITests";
				PRODUCT_NAME = "$(TARGET_NAME)";
				SWIFT_VERSION = 4.0;
				TARGETED_DEVICE_FAMILY = "1,2";
				TEST_TARGET_NAME = "VoiceAssistant-iOS";
			};
			name = Debug;
		};
		E177BE831FB9E52F0016E81E /* Release */ = {
			isa = XCBuildConfiguration;
			baseConfigurationReference = 27AE00B0F03FCCF68059EC74 /* Pods-VoiceAssistant-iOSUITests.release.xcconfig */;
			buildSettings = {
				ALWAYS_EMBED_SWIFT_STANDARD_LIBRARIES = YES;
				CODE_SIGN_STYLE = Automatic;
				DEVELOPMENT_TEAM = Q2CS3FBVAU;
				INFOPLIST_FILE = "VoiceAssistant-iOSUITests/Info.plist";
				LD_RUNPATH_SEARCH_PATHS = "$(inherited) @executable_path/Frameworks @loader_path/Frameworks";
				PRODUCT_BUNDLE_IDENTIFIER = "com.horrionsoft.VoiceAssistant-iOSUITests";
				PRODUCT_NAME = "$(TARGET_NAME)";
				SWIFT_VERSION = 4.0;
				TARGETED_DEVICE_FAMILY = "1,2";
				TEST_TARGET_NAME = "VoiceAssistant-iOS";
			};
			name = Release;
		};
/* End XCBuildConfiguration section */

/* Begin XCConfigurationList section */
		E177BE4E1FB9E52E0016E81E /* Build configuration list for PBXProject "VoiceAssistant-iOS" */ = {
			isa = XCConfigurationList;
			buildConfigurations = (
				E177BE791FB9E52F0016E81E /* Debug */,
				E177BE7A1FB9E52F0016E81E /* Release */,
			);
			defaultConfigurationIsVisible = 0;
			defaultConfigurationName = Release;
		};
		E177BE7B1FB9E52F0016E81E /* Build configuration list for PBXNativeTarget "VoiceAssistant-iOS" */ = {
			isa = XCConfigurationList;
			buildConfigurations = (
				E177BE7C1FB9E52F0016E81E /* Debug */,
				E177BE7D1FB9E52F0016E81E /* Release */,
			);
			defaultConfigurationIsVisible = 0;
			defaultConfigurationName = Release;
		};
		E177BE7E1FB9E52F0016E81E /* Build configuration list for PBXNativeTarget "VoiceAssistant-iOSTests" */ = {
			isa = XCConfigurationList;
			buildConfigurations = (
				E177BE7F1FB9E52F0016E81E /* Debug */,
				E177BE801FB9E52F0016E81E /* Release */,
			);
			defaultConfigurationIsVisible = 0;
			defaultConfigurationName = Release;
		};
		E177BE811FB9E52F0016E81E /* Build configuration list for PBXNativeTarget "VoiceAssistant-iOSUITests" */ = {
			isa = XCConfigurationList;
			buildConfigurations = (
				E177BE821FB9E52F0016E81E /* Debug */,
				E177BE831FB9E52F0016E81E /* Release */,
			);
			defaultConfigurationIsVisible = 0;
			defaultConfigurationName = Release;
		};
/* End XCConfigurationList section */
	};
	rootObject = E177BE4B1FB9E52E0016E81E /* Project object */;
}
